
Microsoft Visual Studio Solution File, Format Version 12.00
# Visual Studio Version 16
VisualStudioVersion = 16.0.29709.97
MinimumVisualStudioVersion = 10.0.40219.1
Project("{FAE04EC0-301F-11D3-BF4B-00C04F79EFBC}") = "Lab3_EDII", "Lab3_EDII\Lab3_EDII.csproj", "{980CFEFC-0307-4771-8C89-E2D7A1CF7710}"
EndProject
Global
	GlobalSection(SolutionConfigurationPlatforms) = preSolution
		Debug|Any CPU = Debug|Any CPU
		Release|Any CPU = Release|Any CPU
	EndGlobalSection
	GlobalSection(ProjectConfigurationPlatforms) = postSolution
		{980CFEFC-0307-4771-8C89-E2D7A1CF7710}.Debug|Any CPU.ActiveCfg = Debug|Any CPU
		{980CFEFC-0307-4771-8C89-E2D7A1CF7710}.Debug|Any CPU.Build.0 = Debug|Any CPU
		{980CFEFC-0307-4771-8C89-E2D7A1CF7710}.Release|Any CPU.ActiveCfg = Release|Any CPU
		{980CFEFC-0307-4771-8C89-E2D7A1CF7710}.Release|Any CPU.Build.0 = Release|Any CPU
	EndGlobalSection
	GlobalSection(SolutionProperties) = preSolution
		HideSolutionNode = FALSE
	EndGlobalSection
	GlobalSection(ExtensibilityGlobals) = postSolution
		SolutionGuid = {F7E4494B-1028-4A25-82F6-50EB2CAF9A34}
	EndGlobalSection
EndGlobal
